
Microsoft Visual Studio Solution File, Format Version 12.00
# Visual Studio Version 17
VisualStudioVersion = 17.13.36105.23 d17.13
MinimumVisualStudioVersion = 10.0.40219.1
Project("{FAE04EC0-301F-11D3-BF4B-00C04F79EFBC}") = "Client.WebAPI", "Client.WebAPI.csproj", "{391A1593-3ABC-483F-9426-78DD59C1D27C}"
EndProject
Global
	GlobalSection(SolutionConfigurationPlatforms) = preSolution
		Debug|Any CPU = Debug|Any CPU
		Release|Any CPU = Release|Any CPU
	EndGlobalSection
	GlobalSection(ProjectConfigurationPlatforms) = postSolution
		{391A1593-3ABC-483F-9426-78DD59C1D27C}.Debug|Any CPU.ActiveCfg = Debug|Any CPU
		{391A1593-3ABC-483F-9426-78DD59C1D27C}.Debug|Any CPU.Build.0 = Debug|Any CPU
		{391A1593-3ABC-483F-9426-78DD59C1D27C}.Release|Any CPU.ActiveCfg = Release|Any CPU
		{391A1593-3ABC-483F-9426-78DD59C1D27C}.Release|Any CPU.Build.0 = Release|Any CPU
	EndGlobalSection
	GlobalSection(SolutionProperties) = preSolution
		HideSolutionNode = FALSE
	EndGlobalSection
	GlobalSection(ExtensibilityGlobals) = postSolution
		SolutionGuid = {D068BED2-316E-4976-BBC2-05414720D15D}
	EndGlobalSection
EndGlobal
